
Microsoft Visual Studio Solution File, Format Version 12.00
# Visual Studio Version 17
VisualStudioVersion = 17.10.34916.146
MinimumVisualStudioVersion = 10.0.40219.1
Project("{9A19103F-16F7-4668-BE54-9A1E7A4F7556}") = "Talabat.APIs", "Talabat.APIs\Talabat.APIs.csproj", "{38BE6F50-EE80-45CC-88B3-F9A730DB7C69}"
EndProject
Project("{FAE04EC0-301F-11D3-BF4B-00C04F79EFBC}") = "Talabat.Core", "Talabat.Core\Talabat.Core.csproj", "{366E334B-0230-4D9A-BFF0-933A27B17C23}"
EndProject
Project("{FAE04EC0-301F-11D3-BF4B-00C04F79EFBC}") = "Talabat.Repository", "Talabat.Repository\Talabat.Repository.csproj", "{EF9ED961-7A4A-4076-A815-C91FD3BBB1A4}"
EndProject
Project("{FAE04EC0-301F-11D3-BF4B-00C04F79EFBC}") = "Talabat.Services", "Talabat.Services\Talabat.Services.csproj", "{20580F9C-87B2-49E3-BD93-D0AAFC8EFF82}"
EndProject
Global
	GlobalSection(SolutionConfigurationPlatforms) = preSolution
		Debug|Any CPU = Debug|Any CPU
		Release|Any CPU = Release|Any CPU
	EndGlobalSection
	GlobalSection(ProjectConfigurationPlatforms) = postSolution
		{38BE6F50-EE80-45CC-88B3-F9A730DB7C69}.Debug|Any CPU.ActiveCfg = Debug|Any CPU
		{38BE6F50-EE80-45CC-88B3-F9A730DB7C69}.Debug|Any CPU.Build.0 = Debug|Any CPU
		{38BE6F50-EE80-45CC-88B3-F9A730DB7C69}.Release|Any CPU.ActiveCfg = Release|Any CPU
		{38BE6F50-EE80-45CC-88B3-F9A730DB7C69}.Release|Any CPU.Build.0 = Release|Any CPU
		{366E334B-0230-4D9A-BFF0-933A27B17C23}.Debug|Any CPU.ActiveCfg = Debug|Any CPU
		{366E334B-0230-4D9A-BFF0-933A27B17C23}.Debug|Any CPU.Build.0 = Debug|Any CPU
		{366E334B-0230-4D9A-BFF0-933A27B17C23}.Release|Any CPU.ActiveCfg = Release|Any CPU
		{366E334B-0230-4D9A-BFF0-933A27B17C23}.Release|Any CPU.Build.0 = Release|Any CPU
		{EF9ED961-7A4A-4076-A815-C91FD3BBB1A4}.Debug|Any CPU.ActiveCfg = Debug|Any CPU
		{EF9ED961-7A4A-4076-A815-C91FD3BBB1A4}.Debug|Any CPU.Build.0 = Debug|Any CPU
		{EF9ED961-7A4A-4076-A815-C91FD3BBB1A4}.Release|Any CPU.ActiveCfg = Release|Any CPU
		{EF9ED961-7A4A-4076-A815-C91FD3BBB1A4}.Release|Any CPU.Build.0 = Release|Any CPU
		{20580F9C-87B2-49E3-BD93-D0AAFC8EFF82}.Debug|Any CPU.ActiveCfg = Debug|Any CPU
		{20580F9C-87B2-49E3-BD93-D0AAFC8EFF82}.Debug|Any CPU.Build.0 = Debug|Any CPU
		{20580F9C-87B2-49E3-BD93-D0AAFC8EFF82}.Release|Any CPU.ActiveCfg = Release|Any CPU
		{20580F9C-87B2-49E3-BD93-D0AAFC8EFF82}.Release|Any CPU.Build.0 = Release|Any CPU
	EndGlobalSection
	GlobalSection(SolutionProperties) = preSolution
		HideSolutionNode = FALSE
	EndGlobalSection
	GlobalSection(ExtensibilityGlobals) = postSolution
		SolutionGuid = {7AA737B9-A50E-40F5-84C9-538609575FE0}
	EndGlobalSection
EndGlobal
